// !$*UTF8*$!
{
	archiveVersion = 1;
	classes = {
	};
	objectVersion = 46;
	objects = {

/* Begin PBXBuildFile section */
		A46D2139905730DD5E9577C1 /* Pods_etsy_app.framework in Frameworks */ = {isa = PBXBuildFile; fileRef = 2AD0F40753D1FA6BBFAA1B53 /* Pods_etsy_app.framework */; settings = {ATTRIBUTES = (Weak, ); }; };
		F31A58871AD08C2E00C15048 /* AppDelegate.swift in Sources */ = {isa = PBXBuildFile; fileRef = F31A58861AD08C2E00C15048 /* AppDelegate.swift */; };
		F31A588C1AD08C2E00C15048 /* Main.storyboard in Resources */ = {isa = PBXBuildFile; fileRef = F31A588A1AD08C2E00C15048 /* Main.storyboard */; };
		F31A588E1AD08C2E00C15048 /* Images.xcassets in Resources */ = {isa = PBXBuildFile; fileRef = F31A588D1AD08C2E00C15048 /* Images.xcassets */; };
		F31A58911AD08C2E00C15048 /* LaunchScreen.xib in Resources */ = {isa = PBXBuildFile; fileRef = F31A588F1AD08C2E00C15048 /* LaunchScreen.xib */; };
		F31A589D1AD08C2E00C15048 /* etsy_appTests.swift in Sources */ = {isa = PBXBuildFile; fileRef = F31A589C1AD08C2E00C15048 /* etsy_appTests.swift */; };
		F3841DBD1AD098E800A49B6E /* SearchViewController.swift in Sources */ = {isa = PBXBuildFile; fileRef = F3841DBC1AD098E800A49B6E /* SearchViewController.swift */; };
		F3841DBF1AD098FC00A49B6E /* ResultsViewController.swift in Sources */ = {isa = PBXBuildFile; fileRef = F3841DBE1AD098FC00A49B6E /* ResultsViewController.swift */; };
		F3841DC11AD0990C00A49B6E /* DetailViewController.swift in Sources */ = {isa = PBXBuildFile; fileRef = F3841DC01AD0990C00A49B6E /* DetailViewController.swift */; };
		F3841DC51AD09A2D00A49B6E /* SearchModel.swift in Sources */ = {isa = PBXBuildFile; fileRef = F3841DC41AD09A2D00A49B6E /* SearchModel.swift */; };
		F3841DC71AD0A0C800A49B6E /* EtsyService.swift in Sources */ = {isa = PBXBuildFile; fileRef = F3841DC61AD0A0C800A49B6E /* EtsyService.swift */; };
		F3841DCB1AD0A17C00A49B6E /* Listing.swift in Sources */ = {isa = PBXBuildFile; fileRef = F3841DCA1AD0A17C00A49B6E /* Listing.swift */; };
		F3841DCE1AD0A1F800A49B6E /* ListCell.swift in Sources */ = {isa = PBXBuildFile; fileRef = F3841DCD1AD0A1F800A49B6E /* ListCell.swift */; };
/* End PBXBuildFile section */

/* Begin PBXContainerItemProxy section */
		F31A58971AD08C2E00C15048 /* PBXContainerItemProxy */ = {
			isa = PBXContainerItemProxy;
			containerPortal = F31A58791AD08C2E00C15048 /* Project object */;
			proxyType = 1;
			remoteGlobalIDString = F31A58801AD08C2E00C15048;
			remoteInfo = etsy_app;
		};
/* End PBXContainerItemProxy section */

/* Begin PBXFileReference section */
		0E645A7E9D1F9D98F1B391E0 /* Pods-etsy_app.debug.xcconfig */ = {isa = PBXFileReference; includeInIndex = 1; lastKnownFileType = text.xcconfig; name = "Pods-etsy_app.debug.xcconfig"; path = "Pods/Target Support Files/Pods-etsy_app/Pods-etsy_app.debug.xcconfig"; sourceTree = "<group>"; };
		2AD0F40753D1FA6BBFAA1B53 /* Pods_etsy_app.framework */ = {isa = PBXFileReference; explicitFileType = wrapper.framework; includeInIndex = 0; path = Pods_etsy_app.framework; sourceTree = BUILT_PRODUCTS_DIR; };
		E92094A340B6EECD95A012EA /* Pods-etsy_app.release.xcconfig */ = {isa = PBXFileReference; includeInIndex = 1; lastKnownFileType = text.xcconfig; name = "Pods-etsy_app.release.xcconfig"; path = "Pods/Target Support Files/Pods-etsy_app/Pods-etsy_app.release.xcconfig"; sourceTree = "<group>"; };
		F31A58811AD08C2E00C15048 /* etsy_app.app */ = {isa = PBXFileReference; explicitFileType = wrapper.application; includeInIndex = 0; path = etsy_app.app; sourceTree = BUILT_PRODUCTS_DIR; };
		F31A58851AD08C2E00C15048 /* Info.plist */ = {isa = PBXFileReference; lastKnownFileType = text.plist.xml; path = Info.plist; sourceTree = "<group>"; };
		F31A58861AD08C2E00C15048 /* AppDelegate.swift */ = {isa = PBXFileReference; lastKnownFileType = sourcecode.swift; path = AppDelegate.swift; sourceTree = "<group>"; };
		F31A588B1AD08C2E00C15048 /* Base */ = {isa = PBXFileReference; lastKnownFileType = file.storyboard; name = Base; path = Base.lproj/Main.storyboard; sourceTree = "<group>"; };
		F31A588D1AD08C2E00C15048 /* Images.xcassets */ = {isa = PBXFileReference; lastKnownFileType = folder.assetcatalog; path = Images.xcassets; sourceTree = "<group>"; };
		F31A58901AD08C2E00C15048 /* Base */ = {isa = PBXFileReference; lastKnownFileType = file.xib; name = Base; path = Base.lproj/LaunchScreen.xib; sourceTree = "<group>"; };
		F31A58961AD08C2E00C15048 /* etsy_appTests.xctest */ = {isa = PBXFileReference; explicitFileType = wrapper.cfbundle; includeInIndex = 0; path = etsy_appTests.xctest; sourceTree = BUILT_PRODUCTS_DIR; };
		F31A589B1AD08C2E00C15048 /* Info.plist */ = {isa = PBXFileReference; lastKnownFileType = text.plist.xml; path = Info.plist; sourceTree = "<group>"; };
		F31A589C1AD08C2E00C15048 /* etsy_appTests.swift */ = {isa = PBXFileReference; lastKnownFileType = sourcecode.swift; path = etsy_appTests.swift; sourceTree = "<group>"; };
		F33F45F41AD0A71C007F2E65 /* bridging_header.h */ = {isa = PBXFileReference; lastKnownFileType = sourcecode.c.h; path = bridging_header.h; sourceTree = "<group>"; };
		F3841DBC1AD098E800A49B6E /* SearchViewController.swift */ = {isa = PBXFileReference; fileEncoding = 4; lastKnownFileType = sourcecode.swift; name = SearchViewController.swift; path = ViewControllers/SearchViewController.swift; sourceTree = "<group>"; };
		F3841DBE1AD098FC00A49B6E /* ResultsViewController.swift */ = {isa = PBXFileReference; fileEncoding = 4; lastKnownFileType = sourcecode.swift; name = ResultsViewController.swift; path = ViewControllers/ResultsViewController.swift; sourceTree = "<group>"; };
		F3841DC01AD0990C00A49B6E /* DetailViewController.swift */ = {isa = PBXFileReference; fileEncoding = 4; lastKnownFileType = sourcecode.swift; name = DetailViewController.swift; path = ViewControllers/DetailViewController.swift; sourceTree = "<group>"; };
		F3841DC41AD09A2D00A49B6E /* SearchModel.swift */ = {isa = PBXFileReference; fileEncoding = 4; lastKnownFileType = sourcecode.swift; name = SearchModel.swift; path = Library/SearchModel.swift; sourceTree = "<group>"; };
		F3841DC61AD0A0C800A49B6E /* EtsyService.swift */ = {isa = PBXFileReference; fileEncoding = 4; lastKnownFileType = sourcecode.swift; name = EtsyService.swift; path = Library/EtsyService.swift; sourceTree = "<group>"; };
		F3841DCA1AD0A17C00A49B6E /* Listing.swift */ = {isa = PBXFileReference; fileEncoding = 4; lastKnownFileType = sourcecode.swift; name = Listing.swift; path = Models/Listing.swift; sourceTree = "<group>"; };
		F3841DCD1AD0A1F800A49B6E /* ListCell.swift */ = {isa = PBXFileReference; fileEncoding = 4; lastKnownFileType = sourcecode.swift; name = ListCell.swift; path = Views/ListCell.swift; sourceTree = "<group>"; };
/* End PBXFileReference section */

/* Begin PBXFrameworksBuildPhase section */
		F31A587E1AD08C2E00C15048 /* Frameworks */ = {
			isa = PBXFrameworksBuildPhase;
			buildActionMask = 2147483647;
			files = (
				A46D2139905730DD5E9577C1 /* Pods_etsy_app.framework in Frameworks */,
			);
			runOnlyForDeploymentPostprocessing = 0;
		};
		F31A58931AD08C2E00C15048 /* Frameworks */ = {
			isa = PBXFrameworksBuildPhase;
			buildActionMask = 2147483647;
			files = (
			);
			runOnlyForDeploymentPostprocessing = 0;
		};
/* End PBXFrameworksBuildPhase section */

/* Begin PBXGroup section */
		4560F83E13D7C72867FDA286 /* Pods */ = {
			isa = PBXGroup;
			children = (
				0E645A7E9D1F9D98F1B391E0 /* Pods-etsy_app.debug.xcconfig */,
				E92094A340B6EECD95A012EA /* Pods-etsy_app.release.xcconfig */,
			);
			name = Pods;
			path = ..;
			sourceTree = "<group>";
		};
		6DC6A15B29DD27B6F46E135B /* Frameworks */ = {
			isa = PBXGroup;
			children = (
				2AD0F40753D1FA6BBFAA1B53 /* Pods_etsy_app.framework */,
			);
			name = Frameworks;
			path = ..;
			sourceTree = "<group>";
		};
		F31A58781AD08C2E00C15048 = {
			isa = PBXGroup;
			children = (
				F31A58831AD08C2E00C15048 /* etsy_app */,
			);
			sourceTree = "<group>";
		};
		F31A58821AD08C2E00C15048 /* Products */ = {
			isa = PBXGroup;
			children = (
				F31A58811AD08C2E00C15048 /* etsy_app.app */,
				F31A58961AD08C2E00C15048 /* etsy_appTests.xctest */,
			);
			name = Products;
			path = ..;
			sourceTree = "<group>";
		};
		F31A58831AD08C2E00C15048 /* etsy_app */ = {
			isa = PBXGroup;
			children = (
				F3841DC91AD0A14B00A49B6E /* Models */,
				F3841DCC1AD0A1D800A49B6E /* Views */,
				F3841DBB1AD0985800A49B6E /* ViewControllers */,
				F3841DC31AD09A1500A49B6E /* Library */,
				F3841DC21AD099C200A49B6E /* Interface */,
				F31A58841AD08C2E00C15048 /* Supporting Files */,
			);
			path = etsy_app;
			sourceTree = "<group>";
		};
		F31A58841AD08C2E00C15048 /* Supporting Files */ = {
			isa = PBXGroup;
			children = (
				F31A58991AD08C2E00C15048 /* etsy_appTests */,
				F31A58821AD08C2E00C15048 /* Products */,
				4560F83E13D7C72867FDA286 /* Pods */,
				6DC6A15B29DD27B6F46E135B /* Frameworks */,
				F31A58861AD08C2E00C15048 /* AppDelegate.swift */,
				F31A58851AD08C2E00C15048 /* Info.plist */,
				F31A588D1AD08C2E00C15048 /* Images.xcassets */,
				F33F45F41AD0A71C007F2E65 /* bridging_header.h */,
			);
			name = "Supporting Files";
			sourceTree = "<group>";
		};
		F31A58991AD08C2E00C15048 /* etsy_appTests */ = {
			isa = PBXGroup;
			children = (
				F31A589C1AD08C2E00C15048 /* etsy_appTests.swift */,
				F31A589A1AD08C2E00C15048 /* Supporting Files */,
			);
			path = etsy_appTests;
			sourceTree = SOURCE_ROOT;
		};
		F31A589A1AD08C2E00C15048 /* Supporting Files */ = {
			isa = PBXGroup;
			children = (
				F31A589B1AD08C2E00C15048 /* Info.plist */,
			);
			name = "Supporting Files";
			sourceTree = "<group>";
		};
		F3841DB91AD0982D00A49B6E /* XIBs */ = {
			isa = PBXGroup;
			children = (
				F31A588F1AD08C2E00C15048 /* LaunchScreen.xib */,
			);
			name = XIBs;
			sourceTree = "<group>";
		};
		F3841DBA1AD0983700A49B6E /* Storyboards */ = {
			isa = PBXGroup;
			children = (
				F31A588A1AD08C2E00C15048 /* Main.storyboard */,
			);
			name = Storyboards;
			sourceTree = "<group>";
		};
		F3841DBB1AD0985800A49B6E /* ViewControllers */ = {
			isa = PBXGroup;
			children = (
				F3841DBC1AD098E800A49B6E /* SearchViewController.swift */,
				F3841DBE1AD098FC00A49B6E /* ResultsViewController.swift */,
				F3841DC01AD0990C00A49B6E /* DetailViewController.swift */,
			);
			name = ViewControllers;
			sourceTree = "<group>";
		};
		F3841DC21AD099C200A49B6E /* Interface */ = {
			isa = PBXGroup;
			children = (
				F3841DBA1AD0983700A49B6E /* Storyboards */,
				F3841DB91AD0982D00A49B6E /* XIBs */,
			);
			name = Interface;
			sourceTree = "<group>";
		};
		F3841DC31AD09A1500A49B6E /* Library */ = {
			isa = PBXGroup;
			children = (
				F3841DC41AD09A2D00A49B6E /* SearchModel.swift */,
				F3841DC61AD0A0C800A49B6E /* EtsyService.swift */,
			);
			name = Library;
			sourceTree = "<group>";
		};
		F3841DC91AD0A14B00A49B6E /* Models */ = {
			isa = PBXGroup;
			children = (
				F3841DCA1AD0A17C00A49B6E /* Listing.swift */,
			);
			name = Models;
			sourceTree = "<group>";
		};
		F3841DCC1AD0A1D800A49B6E /* Views */ = {
			isa = PBXGroup;
			children = (
				F3841DCD1AD0A1F800A49B6E /* ListCell.swift */,
			);
			name = Views;
			sourceTree = "<group>";
		};
/* End PBXGroup section */

/* Begin PBXNativeTarget section */
		F31A58801AD08C2E00C15048 /* etsy_app */ = {
			isa = PBXNativeTarget;
			buildConfigurationList = F31A58A01AD08C2E00C15048 /* Build configuration list for PBXNativeTarget "etsy_app" */;
			buildPhases = (
				AED7826EEAEA2068921B57FF /* Check Pods Manifest.lock */,
				F31A587D1AD08C2E00C15048 /* Sources */,
				F31A587E1AD08C2E00C15048 /* Frameworks */,
				F31A587F1AD08C2E00C15048 /* Resources */,
				179C69F28DDF9F3740C83ABD /* Embed Pods Frameworks */,
				7D2C397362F20B6B2AB82FB0 /* Copy Pods Resources */,
			);
			buildRules = (
			);
			dependencies = (
			);
			name = etsy_app;
			productName = etsy_app;
			productReference = F31A58811AD08C2E00C15048 /* etsy_app.app */;
			productType = "com.apple.product-type.application";
		};
		F31A58951AD08C2E00C15048 /* etsy_appTests */ = {
			isa = PBXNativeTarget;
			buildConfigurationList = F31A58A31AD08C2E00C15048 /* Build configuration list for PBXNativeTarget "etsy_appTests" */;
			buildPhases = (
				F31A58921AD08C2E00C15048 /* Sources */,
				F31A58931AD08C2E00C15048 /* Frameworks */,
				F31A58941AD08C2E00C15048 /* Resources */,
			);
			buildRules = (
			);
			dependencies = (
				F31A58981AD08C2E00C15048 /* PBXTargetDependency */,
			);
			name = etsy_appTests;
			productName = etsy_appTests;
			productReference = F31A58961AD08C2E00C15048 /* etsy_appTests.xctest */;
			productType = "com.apple.product-type.bundle.unit-test";
		};
/* End PBXNativeTarget section */

/* Begin PBXProject section */
		F31A58791AD08C2E00C15048 /* Project object */ = {
			isa = PBXProject;
			attributes = {
				LastUpgradeCheck = 0620;
				ORGANIZATIONNAME = "Aakash Gandhi";
				TargetAttributes = {
					F31A58801AD08C2E00C15048 = {
						CreatedOnToolsVersion = 6.2;
					};
					F31A58951AD08C2E00C15048 = {
						CreatedOnToolsVersion = 6.2;
						TestTargetID = F31A58801AD08C2E00C15048;
					};
				};
			};
			buildConfigurationList = F31A587C1AD08C2E00C15048 /* Build configuration list for PBXProject "etsy_app" */;
			compatibilityVersion = "Xcode 3.2";
			developmentRegion = English;
			hasScannedForEncodings = 0;
			knownRegions = (
				en,
				Base,
			);
			mainGroup = F31A58781AD08C2E00C15048;
			productRefGroup = F31A58821AD08C2E00C15048 /* Products */;
			projectDirPath = "";
			projectRoot = "";
			targets = (
				F31A58801AD08C2E00C15048 /* etsy_app */,
				F31A58951AD08C2E00C15048 /* etsy_appTests */,
			);
		};
/* End PBXProject section */

/* Begin PBXResourcesBuildPhase section */
		F31A587F1AD08C2E00C15048 /* Resources */ = {
			isa = PBXResourcesBuildPhase;
			buildActionMask = 2147483647;
			files = (
				F31A588C1AD08C2E00C15048 /* Main.storyboard in Resources */,
				F31A58911AD08C2E00C15048 /* LaunchScreen.xib in Resources */,
				F31A588E1AD08C2E00C15048 /* Images.xcassets in Resources */,
			);
			runOnlyForDeploymentPostprocessing = 0;
		};
		F31A58941AD08C2E00C15048 /* Resources */ = {
			isa = PBXResourcesBuildPhase;
			buildActionMask = 2147483647;
			files = (
			);
			runOnlyForDeploymentPostprocessing = 0;
		};
/* End PBXResourcesBuildPhase section */

/* Begin PBXShellScriptBuildPhase section */
		179C69F28DDF9F3740C83ABD /* Embed Pods Frameworks */ = {
			isa = PBXShellScriptBuildPhase;
			buildActionMask = 2147483647;
			files = (
			);
			inputPaths = (
			);
			name = "Embed Pods Frameworks";
			outputPaths = (
			);
			runOnlyForDeploymentPostprocessing = 0;
			shellPath = /bin/sh;
			shellScript = "\"${SRCROOT}/Pods/Target Support Files/Pods-etsy_app/Pods-etsy_app-frameworks.sh\"\n";
			showEnvVarsInLog = 0;
		};
		7D2C397362F20B6B2AB82FB0 /* Copy Pods Resources */ = {
			isa = PBXShellScriptBuildPhase;
			buildActionMask = 2147483647;
			files = (
			);
			inputPaths = (
			);
			name = "Copy Pods Resources";
			outputPaths = (
			);
			runOnlyForDeploymentPostprocessing = 0;
			shellPath = /bin/sh;
			shellScript = "\"${SRCROOT}/Pods/Target Support Files/Pods-etsy_app/Pods-etsy_app-resources.sh\"\n";
			showEnvVarsInLog = 0;
		};
		AED7826EEAEA2068921B57FF /* Check Pods Manifest.lock */ = {
			isa = PBXShellScriptBuildPhase;
			buildActionMask = 2147483647;
			files = (
			);
			inputPaths = (
			);
			name = "Check Pods Manifest.lock";
			outputPaths = (
			);
			runOnlyForDeploymentPostprocessing = 0;
			shellPath = /bin/sh;
			shellScript = "diff \"${PODS_ROOT}/../Podfile.lock\" \"${PODS_ROOT}/Manifest.lock\" > /dev/null\nif [[ $? != 0 ]] ; then\n    cat << EOM\nerror: The sandbox is not in sync with the Podfile.lock. Run 'pod install' or update your CocoaPods installation.\nEOM\n    exit 1\nfi\n";
			showEnvVarsInLog = 0;
		};
/* End PBXShellScriptBuildPhase section */

/* Begin PBXSourcesBuildPhase section */
		F31A587D1AD08C2E00C15048 /* Sources */ = {
			isa = PBXSourcesBuildPhase;
			buildActionMask = 2147483647;
			files = (
				F3841DBD1AD098E800A49B6E /* SearchViewController.swift in Sources */,
				F3841DCB1AD0A17C00A49B6E /* Listing.swift in Sources */,
				F31A58871AD08C2E00C15048 /* AppDelegate.swift in Sources */,
				F3841DBF1AD098FC00A49B6E /* ResultsViewController.swift in Sources */,
				F3841DC51AD09A2D00A49B6E /* SearchModel.swift in Sources */,
				F3841DCE1AD0A1F800A49B6E /* ListCell.swift in Sources */,
				F3841DC71AD0A0C800A49B6E /* EtsyService.swift in Sources */,
				F3841DC11AD0990C00A49B6E /* DetailViewController.swift in Sources */,
			);
			runOnlyForDeploymentPostprocessing = 0;
		};
		F31A58921AD08C2E00C15048 /* Sources */ = {
			isa = PBXSourcesBuildPhase;
			buildActionMask = 2147483647;
			files = (
				F31A589D1AD08C2E00C15048 /* etsy_appTests.swift in Sources */,
			);
			runOnlyForDeploymentPostprocessing = 0;
		};
/* End PBXSourcesBuildPhase section */

/* Begin PBXTargetDependency section */
		F31A58981AD08C2E00C15048 /* PBXTargetDependency */ = {
			isa = PBXTargetDependency;
			target = F31A58801AD08C2E00C15048 /* etsy_app */;
			targetProxy = F31A58971AD08C2E00C15048 /* PBXContainerItemProxy */;
		};
/* End PBXTargetDependency section */

/* Begin PBXVariantGroup section */
		F31A588A1AD08C2E00C15048 /* Main.storyboard */ = {
			isa = PBXVariantGroup;
			children = (
				F31A588B1AD08C2E00C15048 /* Base */,
			);
			name = Main.storyboard;
			sourceTree = "<group>";
		};
		F31A588F1AD08C2E00C15048 /* LaunchScreen.xib */ = {
			isa = PBXVariantGroup;
			children = (
				F31A58901AD08C2E00C15048 /* Base */,
			);
			name = LaunchScreen.xib;
			sourceTree = "<group>";
		};
/* End PBXVariantGroup section */

/* Begin XCBuildConfiguration section */
		F31A589E1AD08C2E00C15048 /* Debug */ = {
			isa = XCBuildConfiguration;
			buildSettings = {
				ALWAYS_SEARCH_USER_PATHS = NO;
				CLANG_CXX_LANGUAGE_STANDARD = "gnu++0x";
				CLANG_CXX_LIBRARY = "libc++";
				CLANG_ENABLE_MODULES = YES;
				CLANG_ENABLE_OBJC_ARC = YES;
				CLANG_WARN_BOOL_CONVERSION = YES;
				CLANG_WARN_CONSTANT_CONVERSION = YES;
				CLANG_WARN_DIRECT_OBJC_ISA_USAGE = YES_ERROR;
				CLANG_WARN_EMPTY_BODY = YES;
				CLANG_WARN_ENUM_CONVERSION = YES;
				CLANG_WARN_INT_CONVERSION = YES;
				CLANG_WARN_OBJC_ROOT_CLASS = YES_ERROR;
				CLANG_WARN_UNREACHABLE_CODE = YES;
				CLANG_WARN__DUPLICATE_METHOD_MATCH = YES;
				"CODE_SIGN_IDENTITY[sdk=iphoneos*]" = "iPhone Developer";
				COPY_PHASE_STRIP = NO;
				ENABLE_STRICT_OBJC_MSGSEND = YES;
				GCC_C_LANGUAGE_STANDARD = gnu99;
				GCC_DYNAMIC_NO_PIC = NO;
				GCC_OPTIMIZATION_LEVEL = 0;
				GCC_PREPROCESSOR_DEFINITIONS = (
					"DEBUG=1",
					"$(inherited)",
				);
				GCC_SYMBOLS_PRIVATE_EXTERN = NO;
				GCC_WARN_64_TO_32_BIT_CONVERSION = YES;
				GCC_WARN_ABOUT_RETURN_TYPE = YES_ERROR;
				GCC_WARN_UNDECLARED_SELECTOR = YES;
				GCC_WARN_UNINITIALIZED_AUTOS = YES_AGGRESSIVE;
				GCC_WARN_UNUSED_FUNCTION = YES;
				GCC_WARN_UNUSED_VARIABLE = YES;
				IPHONEOS_DEPLOYMENT_TARGET = 8.2;
				MTL_ENABLE_DEBUG_INFO = YES;
				ONLY_ACTIVE_ARCH = YES;
				SDKROOT = iphoneos;
				SWIFT_OPTIMIZATION_LEVEL = "-Onone";
			};
			name = Debug;
		};
		F31A589F1AD08C2E00C15048 /* Release */ = {
			isa = XCBuildConfiguration;
			buildSettings = {
				ALWAYS_SEARCH_USER_PATHS = NO;
				CLANG_CXX_LANGUAGE_STANDARD = "gnu++0x";
				CLANG_CXX_LIBRARY = "libc++";
				CLANG_ENABLE_MODULES = YES;
				CLANG_ENABLE_OBJC_ARC = YES;
				CLANG_WARN_BOOL_CONVERSION = YES;
				CLANG_WARN_CONSTANT_CONVERSION = YES;
				CLANG_WARN_DIRECT_OBJC_ISA_USAGE = YES_ERROR;
				CLANG_WARN_EMPTY_BODY = YES;
				CLANG_WARN_ENUM_CONVERSION = YES;
				CLANG_WARN_INT_CONVERSION = YES;
				CLANG_WARN_OBJC_ROOT_CLASS = YES_ERROR;
				CLANG_WARN_UNREACHABLE_CODE = YES;
				CLANG_WARN__DUPLICATE_METHOD_MATCH = YES;
				"CODE_SIGN_IDENTITY[sdk=iphoneos*]" = "iPhone Developer";
				COPY_PHASE_STRIP = NO;
				ENABLE_NS_ASSERTIONS = NO;
				ENABLE_STRICT_OBJC_MSGSEND = YES;
				GCC_C_LANGUAGE_STANDARD = gnu99;
				GCC_WARN_64_TO_32_BIT_CONVERSION = YES;
				GCC_WARN_ABOUT_RETURN_TYPE = YES_ERROR;
				GCC_WARN_UNDECLARED_SELECTOR = YES;
				GCC_WARN_UNINITIALIZED_AUTOS = YES_AGGRESSIVE;
				GCC_WARN_UNUSED_FUNCTION = YES;
				GCC_WARN_UNUSED_VARIABLE = YES;
				IPHONEOS_DEPLOYMENT_TARGET = 8.2;
				MTL_ENABLE_DEBUG_INFO = NO;
				SDKROOT = iphoneos;
				VALIDATE_PRODUCT = YES;
			};
			name = Release;
		};
		F31A58A11AD08C2E00C15048 /* Debug */ = {
			isa = XCBuildConfiguration;
			baseConfigurationReference = 0E645A7E9D1F9D98F1B391E0 /* Pods-etsy_app.debug.xcconfig */;
			buildSettings = {
				ASSETCATALOG_COMPILER_APPICON_NAME = AppIcon;
				INFOPLIST_FILE = etsy_app/Info.plist;
				LD_RUNPATH_SEARCH_PATHS = "$(inherited) @executable_path/Frameworks";
				PRODUCT_NAME = "$(TARGET_NAME)";
				SWIFT_OBJC_BRIDGING_HEADER = etsy_app/bridging_header.h;
			};
			name = Debug;
		};
		F31A58A21AD08C2E00C15048 /* Release */ = {
			isa = XCBuildConfiguration;
			baseConfigurationReference = E92094A340B6EECD95A012EA /* Pods-etsy_app.release.xcconfig */;
			buildSettings = {
				ASSETCATALOG_COMPILER_APPICON_NAME = AppIcon;
				INFOPLIST_FILE = etsy_app/Info.plist;
				LD_RUNPATH_SEARCH_PATHS = "$(inherited) @executable_path/Frameworks";
				PRODUCT_NAME = "$(TARGET_NAME)";
				SWIFT_OBJC_BRIDGING_HEADER = etsy_app/bridging_header.h;
			};
			name = Release;
		};
		F31A58A41AD08C2E00C15048 /* Debug */ = {
			isa = XCBuildConfiguration;
			buildSettings = {
				BUNDLE_LOADER = "$(TEST_HOST)";
				FRAMEWORK_SEARCH_PATHS = (
					"$(SDKROOT)/Developer/Library/Frameworks",
					"$(inherited)",
				);
				GCC_PREPROCESSOR_DEFINITIONS = (
					"DEBUG=1",
					"$(inherited)",
				);
				INFOPLIST_FILE = etsy_appTests/Info.plist;
				LD_RUNPATH_SEARCH_PATHS = "$(inherited) @executable_path/Frameworks @loader_path/Frameworks";
				PRODUCT_NAME = "$(TARGET_NAME)";
				TEST_HOST = "$(BUILT_PRODUCTS_DIR)/etsy_app.app/etsy_app";
			};
			name = Debug;
		};
		F31A58A51AD08C2E00C15048 /* Release */ = {
			isa = XCBuildConfiguration;
			buildSettings = {
				BUNDLE_LOADER = "$(TEST_HOST)";
				FRAMEWORK_SEARCH_PATHS = (
					"$(SDKROOT)/Developer/Library/Frameworks",
					"$(inherited)",
				);
				INFOPLIST_FILE = etsy_appTests/Info.plist;
				LD_RUNPATH_SEARCH_PATHS = "$(inherited) @executable_path/Frameworks @loader_path/Frameworks";
				PRODUCT_NAME = "$(TARGET_NAME)";
				TEST_HOST = "$(BUILT_PRODUCTS_DIR)/etsy_app.app/etsy_app";
			};
			name = Release;
		};
/* End XCBuildConfiguration section */

/* Begin XCConfigurationList section */
		F31A587C1AD08C2E00C15048 /* Build configuration list for PBXProject "etsy_app" */ = {
			isa = XCConfigurationList;
			buildConfigurations = (
				F31A589E1AD08C2E00C15048 /* Debug */,
				F31A589F1AD08C2E00C15048 /* Release */,
			);
			defaultConfigurationIsVisible = 0;
			defaultConfigurationName = Release;
		};
		F31A58A01AD08C2E00C15048 /* Build configuration list for PBXNativeTarget "etsy_app" */ = {
			isa = XCConfigurationList;
			buildConfigurations = (
				F31A58A11AD08C2E00C15048 /* Debug */,
				F31A58A21AD08C2E00C15048 /* Release */,
			);
			defaultConfigurationIsVisible = 0;
			defaultConfigurationName = Release;
		};
		F31A58A31AD08C2E00C15048 /* Build configuration list for PBXNativeTarget "etsy_appTests" */ = {
			isa = XCConfigurationList;
			buildConfigurations = (
				F31A58A41AD08C2E00C15048 /* Debug */,
				F31A58A51AD08C2E00C15048 /* Release */,
			);
			defaultConfigurationIsVisible = 0;
			defaultConfigurationName = Release;
		};
/* End XCConfigurationList section */
	};
	rootObject = F31A58791AD08C2E00C15048 /* Project object */;
}
